{
  "version": 4,
  "terraform_version": "1.9.4",
  "serial": 209,
  "lineage": "f14043e4-88f8-173a-cd35-3be718906363",
  "outputs": {},
  "resources": [
    {
      "mode": "managed",
      "type": "github_team",
      "name": "teams",
      "provider": "provider[\"registry.terraform.io/hashicorp/github\"]",
      "instances": [
        {
          "index_key": "team1",
          "schema_version": 0,
          "attributes": {
            "create_default_maintainer": false,
            "description": "GitHub team Team 1",
            "etag": "W/\"c082e59ee48a49e9a30473947fb65621f5dc0edc8a76921c35b86692063f3d4e\"",
            "id": "11131859",
            "ldap_dn": "",
            "members_count": 0,
            "name": "Team 1",
            "node_id": "T_kwDOCuxgcc4AqdvT",
            "parent_team_id": "",
            "parent_team_read_id": "",
            "parent_team_read_slug": "",
            "privacy": "secret",
            "slug": "team-1"
          },
          "sensitive_attributes": [],
          "private": "bnVsbA=="
        },
        {
          "index_key": "team2",
          "schema_version": 0,
          "attributes": {
            "create_default_maintainer": false,
            "description": "GitHub team Team 2",
            "etag": "W/\"3960aa2d28e65d5e6b3eb56cf5142e9f3decd0b03d428f9aefbf89c5236d691a\"",
            "id": "11131863",
            "ldap_dn": "",
            "members_count": 0,
            "name": "Team 2",
            "node_id": "T_kwDOCuxgcc4AqdvX",
            "parent_team_id": "",
            "parent_team_read_id": "",
            "parent_team_read_slug": "",
            "privacy": "secret",
            "slug": "team-2"
          },
          "sensitive_attributes": [],
          "private": "bnVsbA=="
        },
        {
          "index_key": "team3",
          "schema_version": 0,
          "attributes": {
            "create_default_maintainer": false,
            "description": "GitHub team Team 3",
            "etag": "W/\"9c662ae5cdda69e3c40bcb977571b3a022c76bb952e78e25749f7aa93242c606\"",
            "id": "11131861",
            "ldap_dn": "",
            "members_count": 0,
            "name": "Team 3",
            "node_id": "T_kwDOCuxgcc4AqdvV",
            "parent_team_id": "",
            "parent_team_read_id": "",
            "parent_team_read_slug": "",
            "privacy": "secret",
            "slug": "team-3"
          },
          "sensitive_attributes": [],
          "private": "bnVsbA=="
        },
        {
          "index_key": "team4",
          "schema_version": 0,
          "attributes": {
            "create_default_maintainer": false,
            "description": "GitHub team Team 4",
            "etag": "W/\"2e9e3b9e33e1f70ca4e21f435e78a35b707f6d42558412e7661051209aed32d0\"",
            "id": "11131862",
            "ldap_dn": "",
            "members_count": 0,
            "name": "Team 4",
            "node_id": "T_kwDOCuxgcc4AqdvW",
            "parent_team_id": "",
            "parent_team_read_id": "",
            "parent_team_read_slug": "",
            "privacy": "secret",
            "slug": "team-4"
          },
          "sensitive_attributes": [],
          "private": "bnVsbA=="
        },
        {
          "index_key": "team5",
          "schema_version": 0,
          "attributes": {
            "create_default_maintainer": false,
            "description": "GitHub team Team 5",
            "etag": "W/\"2fbe144c5d042e20543ead236af7427c7bc90cd7cf4b3b8da2ba05609718bbc2\"",
            "id": "11131857",
            "ldap_dn": "",
            "members_count": 0,
            "name": "Team 5",
            "node_id": "T_kwDOCuxgcc4AqdvR",
            "parent_team_id": "",
            "parent_team_read_id": "",
            "parent_team_read_slug": "",
            "privacy": "secret",
            "slug": "team-5"
          },
          "sensitive_attributes": [],
          "private": "bnVsbA=="
        },
        {
          "index_key": "team6",
          "schema_version": 0,
          "attributes": {
            "create_default_maintainer": false,
            "description": "GitHub team Team 6",
            "etag": "W/\"1cd5bc0a9d7e3ca51609f4ad61754d415aa92ac8e3d240e513df8be9fe70c8db\"",
            "id": "11131858",
            "ldap_dn": "",
            "members_count": 0,
            "name": "Team 6",
            "node_id": "T_kwDOCuxgcc4AqdvS",
            "parent_team_id": "",
            "parent_team_read_id": "",
            "parent_team_read_slug": "",
            "privacy": "secret",
            "slug": "team-6"
          },
          "sensitive_attributes": [],
          "private": "bnVsbA=="
        }
      ]
    }
  ],
  "check_results": null
}
